
Microsoft Visual Studio Solution File, Format Version 12.00
# Visual Studio Version 17
VisualStudioVersion = 17.0.32014.148
MinimumVisualStudioVersion = 10.0.40219.1
Project("{2150E333-8FDC-42A3-9474-1A3956D46DE8}") = "src", "src", "{FADC3950-F700-4760-9EBE-115627EF2F8E}"
EndProject
Project("{2150E333-8FDC-42A3-9474-1A3956D46DE8}") = "Users", "Users", "{D73D2716-962E-45B1-998F-D60CB0FE957A}"
EndProject
Project("{2150E333-8FDC-42A3-9474-1A3956D46DE8}") = "Questions", "Questions", "{FAB9072A-FBB1-4D18-BB09-CB02BD0BC2A5}"
EndProject
Project("{2150E333-8FDC-42A3-9474-1A3956D46DE8}") = "Answers", "Answers", "{A92D3AFF-0792-4E52-9DE0-08A7DCC5079E}"
EndProject
Project("{9A19103F-16F7-4668-BE54-9A1E7A4F7556}") = "Questions.WebAPI", "Questions.WebAPI\Questions.WebAPI.csproj", "{96B745AD-C174-45E1-9BC6-E64AEC7EDE92}"
EndProject
Project("{9A19103F-16F7-4668-BE54-9A1E7A4F7556}") = "Questions.Infrastructure", "Questions.Infrastructure\Questions.Infrastructure.csproj", "{2BF68670-D64C-4ED6-8108-BB136F01151B}"
EndProject
Project("{9A19103F-16F7-4668-BE54-9A1E7A4F7556}") = "Questions.Domain", "Questions.Domain\Questions.Domain.csproj", "{D70EBD8B-AC5F-4F22-B423-567B0837F3B8}"
EndProject
Project("{9A19103F-16F7-4668-BE54-9A1E7A4F7556}") = "Questions.Application", "Questions.Application\Questions.Application.csproj", "{F5A95990-A665-4D98-9205-A9E577E39BDE}"
EndProject
Project("{9A19103F-16F7-4668-BE54-9A1E7A4F7556}") = "Questions.EntityFramework", "Questions.EntityFramework\Questions.EntityFramework.csproj", "{85B67CC3-2CB8-418A-A7D9-FA476E45230D}"
EndProject
Project("{9A19103F-16F7-4668-BE54-9A1E7A4F7556}") = "SharedKernel", "SharedKernel\SharedKernel.csproj", "{A147AC8C-EFEF-419F-A725-FCCD4F7D78B1}"
EndProject
Project("{9A19103F-16F7-4668-BE54-9A1E7A4F7556}") = "Answers.Domain", "Answers.Domain\Answers.Domain.csproj", "{C75D7EC5-A513-4647-ABA2-7A8DB22EEC2C}"
EndProject
Project("{9A19103F-16F7-4668-BE54-9A1E7A4F7556}") = "Answers.EntityFramework", "Answers.EntityFramework\Answers.EntityFramework.csproj", "{0C281B4E-FEE3-4546-AA89-1BE436AF049F}"
EndProject
Project("{9A19103F-16F7-4668-BE54-9A1E7A4F7556}") = "Answers.WebAPI", "Answers.WebAPI\Answers.WebAPI.csproj", "{F4D9712F-3EBA-412B-B993-30FD1B78F79C}"
EndProject
Project("{9A19103F-16F7-4668-BE54-9A1E7A4F7556}") = "Answers.Infrastructure", "Answers.Infrastructure\Answers.Infrastructure.csproj", "{9FF8A78D-DE41-4D47-87EE-BE1DC446173B}"
EndProject
Project("{9A19103F-16F7-4668-BE54-9A1E7A4F7556}") = "Answers.Application", "Answers.Application\Answers.Application.csproj", "{103D95D1-6A3F-485E-9A2A-6A1389D2CD60}"
EndProject
Project("{9A19103F-16F7-4668-BE54-9A1E7A4F7556}") = "Answers.RazorViews", "Answers.RazorViews\Answers.RazorViews.csproj", "{C7B7A7F2-DF3E-419D-8321-7BB7A53D095B}"
EndProject
Project("{9A19103F-16F7-4668-BE54-9A1E7A4F7556}") = "Users.Application", "Users.Application\Users.Application.csproj", "{823213EC-38E3-40CE-9E38-5BF706B6F7F4}"
EndProject
Project("{9A19103F-16F7-4668-BE54-9A1E7A4F7556}") = "Users.Domain", "Users.Domain\Users.Domain.csproj", "{F63278DA-1C35-4681-8CA9-DACE06A5B0A9}"
EndProject
Project("{9A19103F-16F7-4668-BE54-9A1E7A4F7556}") = "Users.EntityFramework", "Users.EntityFramework\Users.EntityFramework.csproj", "{8DDB271A-273F-4823-AEBA-B5A6674B8753}"
EndProject
Project("{9A19103F-16F7-4668-BE54-9A1E7A4F7556}") = "Users.RazorViews", "Users.RazorViews\Users.RazorViews.csproj", "{C5C3BA4B-1CE0-4B6A-94D1-797980AC11B6}"
EndProject
Project("{9A19103F-16F7-4668-BE54-9A1E7A4F7556}") = "Users.WebAPI", "Users.WebAPI\Users.WebAPI.csproj", "{CDE57CD2-520E-4864-BC18-920A7EFE7A8A}"
EndProject
Project("{9A19103F-16F7-4668-BE54-9A1E7A4F7556}") = "Users.Infrastructure", "Users.Infrastructure\Users.Infrastructure.csproj", "{EE4B79B0-A83B-4A97-9900-E8A9A2DBF49E}"
EndProject
Global
	GlobalSection(SolutionConfigurationPlatforms) = preSolution
		Debug|Any CPU = Debug|Any CPU
		Release|Any CPU = Release|Any CPU
	EndGlobalSection
	GlobalSection(ProjectConfigurationPlatforms) = postSolution
		{96B745AD-C174-45E1-9BC6-E64AEC7EDE92}.Debug|Any CPU.ActiveCfg = Debug|Any CPU
		{96B745AD-C174-45E1-9BC6-E64AEC7EDE92}.Debug|Any CPU.Build.0 = Debug|Any CPU
		{96B745AD-C174-45E1-9BC6-E64AEC7EDE92}.Release|Any CPU.ActiveCfg = Release|Any CPU
		{96B745AD-C174-45E1-9BC6-E64AEC7EDE92}.Release|Any CPU.Build.0 = Release|Any CPU
		{2BF68670-D64C-4ED6-8108-BB136F01151B}.Debug|Any CPU.ActiveCfg = Debug|Any CPU
		{2BF68670-D64C-4ED6-8108-BB136F01151B}.Debug|Any CPU.Build.0 = Debug|Any CPU
		{2BF68670-D64C-4ED6-8108-BB136F01151B}.Release|Any CPU.ActiveCfg = Release|Any CPU
		{2BF68670-D64C-4ED6-8108-BB136F01151B}.Release|Any CPU.Build.0 = Release|Any CPU
		{D70EBD8B-AC5F-4F22-B423-567B0837F3B8}.Debug|Any CPU.ActiveCfg = Debug|Any CPU
		{D70EBD8B-AC5F-4F22-B423-567B0837F3B8}.Debug|Any CPU.Build.0 = Debug|Any CPU
		{D70EBD8B-AC5F-4F22-B423-567B0837F3B8}.Release|Any CPU.ActiveCfg = Release|Any CPU
		{D70EBD8B-AC5F-4F22-B423-567B0837F3B8}.Release|Any CPU.Build.0 = Release|Any CPU
		{F5A95990-A665-4D98-9205-A9E577E39BDE}.Debug|Any CPU.ActiveCfg = Debug|Any CPU
		{F5A95990-A665-4D98-9205-A9E577E39BDE}.Debug|Any CPU.Build.0 = Debug|Any CPU
		{F5A95990-A665-4D98-9205-A9E577E39BDE}.Release|Any CPU.ActiveCfg = Release|Any CPU
		{F5A95990-A665-4D98-9205-A9E577E39BDE}.Release|Any CPU.Build.0 = Release|Any CPU
		{85B67CC3-2CB8-418A-A7D9-FA476E45230D}.Debug|Any CPU.ActiveCfg = Debug|Any CPU
		{85B67CC3-2CB8-418A-A7D9-FA476E45230D}.Debug|Any CPU.Build.0 = Debug|Any CPU
		{85B67CC3-2CB8-418A-A7D9-FA476E45230D}.Release|Any CPU.ActiveCfg = Release|Any CPU
		{85B67CC3-2CB8-418A-A7D9-FA476E45230D}.Release|Any CPU.Build.0 = Release|Any CPU
		{A147AC8C-EFEF-419F-A725-FCCD4F7D78B1}.Debug|Any CPU.ActiveCfg = Debug|Any CPU
		{A147AC8C-EFEF-419F-A725-FCCD4F7D78B1}.Debug|Any CPU.Build.0 = Debug|Any CPU
		{A147AC8C-EFEF-419F-A725-FCCD4F7D78B1}.Release|Any CPU.ActiveCfg = Release|Any CPU
		{A147AC8C-EFEF-419F-A725-FCCD4F7D78B1}.Release|Any CPU.Build.0 = Release|Any CPU
		{C75D7EC5-A513-4647-ABA2-7A8DB22EEC2C}.Debug|Any CPU.ActiveCfg = Debug|Any CPU
		{C75D7EC5-A513-4647-ABA2-7A8DB22EEC2C}.Debug|Any CPU.Build.0 = Debug|Any CPU
		{C75D7EC5-A513-4647-ABA2-7A8DB22EEC2C}.Release|Any CPU.ActiveCfg = Release|Any CPU
		{C75D7EC5-A513-4647-ABA2-7A8DB22EEC2C}.Release|Any CPU.Build.0 = Release|Any CPU
		{0C281B4E-FEE3-4546-AA89-1BE436AF049F}.Debug|Any CPU.ActiveCfg = Debug|Any CPU
		{0C281B4E-FEE3-4546-AA89-1BE436AF049F}.Debug|Any CPU.Build.0 = Debug|Any CPU
		{0C281B4E-FEE3-4546-AA89-1BE436AF049F}.Release|Any CPU.ActiveCfg = Release|Any CPU
		{0C281B4E-FEE3-4546-AA89-1BE436AF049F}.Release|Any CPU.Build.0 = Release|Any CPU
		{F4D9712F-3EBA-412B-B993-30FD1B78F79C}.Debug|Any CPU.ActiveCfg = Debug|Any CPU
		{F4D9712F-3EBA-412B-B993-30FD1B78F79C}.Debug|Any CPU.Build.0 = Debug|Any CPU
		{F4D9712F-3EBA-412B-B993-30FD1B78F79C}.Release|Any CPU.ActiveCfg = Release|Any CPU
		{F4D9712F-3EBA-412B-B993-30FD1B78F79C}.Release|Any CPU.Build.0 = Release|Any CPU
		{9FF8A78D-DE41-4D47-87EE-BE1DC446173B}.Debug|Any CPU.ActiveCfg = Debug|Any CPU
		{9FF8A78D-DE41-4D47-87EE-BE1DC446173B}.Debug|Any CPU.Build.0 = Debug|Any CPU
		{9FF8A78D-DE41-4D47-87EE-BE1DC446173B}.Release|Any CPU.ActiveCfg = Release|Any CPU
		{9FF8A78D-DE41-4D47-87EE-BE1DC446173B}.Release|Any CPU.Build.0 = Release|Any CPU
		{103D95D1-6A3F-485E-9A2A-6A1389D2CD60}.Debug|Any CPU.ActiveCfg = Debug|Any CPU
		{103D95D1-6A3F-485E-9A2A-6A1389D2CD60}.Debug|Any CPU.Build.0 = Debug|Any CPU
		{103D95D1-6A3F-485E-9A2A-6A1389D2CD60}.Release|Any CPU.ActiveCfg = Release|Any CPU
		{103D95D1-6A3F-485E-9A2A-6A1389D2CD60}.Release|Any CPU.Build.0 = Release|Any CPU
		{C7B7A7F2-DF3E-419D-8321-7BB7A53D095B}.Debug|Any CPU.ActiveCfg = Debug|Any CPU
		{C7B7A7F2-DF3E-419D-8321-7BB7A53D095B}.Debug|Any CPU.Build.0 = Debug|Any CPU
		{C7B7A7F2-DF3E-419D-8321-7BB7A53D095B}.Release|Any CPU.ActiveCfg = Release|Any CPU
		{C7B7A7F2-DF3E-419D-8321-7BB7A53D095B}.Release|Any CPU.Build.0 = Release|Any CPU
		{823213EC-38E3-40CE-9E38-5BF706B6F7F4}.Debug|Any CPU.ActiveCfg = Debug|Any CPU
		{823213EC-38E3-40CE-9E38-5BF706B6F7F4}.Debug|Any CPU.Build.0 = Debug|Any CPU
		{823213EC-38E3-40CE-9E38-5BF706B6F7F4}.Release|Any CPU.ActiveCfg = Release|Any CPU
		{823213EC-38E3-40CE-9E38-5BF706B6F7F4}.Release|Any CPU.Build.0 = Release|Any CPU
		{F63278DA-1C35-4681-8CA9-DACE06A5B0A9}.Debug|Any CPU.ActiveCfg = Debug|Any CPU
		{F63278DA-1C35-4681-8CA9-DACE06A5B0A9}.Debug|Any CPU.Build.0 = Debug|Any CPU
		{F63278DA-1C35-4681-8CA9-DACE06A5B0A9}.Release|Any CPU.ActiveCfg = Release|Any CPU
		{F63278DA-1C35-4681-8CA9-DACE06A5B0A9}.Release|Any CPU.Build.0 = Release|Any CPU
		{8DDB271A-273F-4823-AEBA-B5A6674B8753}.Debug|Any CPU.ActiveCfg = Debug|Any CPU
		{8DDB271A-273F-4823-AEBA-B5A6674B8753}.Debug|Any CPU.Build.0 = Debug|Any CPU
		{8DDB271A-273F-4823-AEBA-B5A6674B8753}.Release|Any CPU.ActiveCfg = Release|Any CPU
		{8DDB271A-273F-4823-AEBA-B5A6674B8753}.Release|Any CPU.Build.0 = Release|Any CPU
		{C5C3BA4B-1CE0-4B6A-94D1-797980AC11B6}.Debug|Any CPU.ActiveCfg = Debug|Any CPU
		{C5C3BA4B-1CE0-4B6A-94D1-797980AC11B6}.Debug|Any CPU.Build.0 = Debug|Any CPU
		{C5C3BA4B-1CE0-4B6A-94D1-797980AC11B6}.Release|Any CPU.ActiveCfg = Release|Any CPU
		{C5C3BA4B-1CE0-4B6A-94D1-797980AC11B6}.Release|Any CPU.Build.0 = Release|Any CPU
		{CDE57CD2-520E-4864-BC18-920A7EFE7A8A}.Debug|Any CPU.ActiveCfg = Debug|Any CPU
		{CDE57CD2-520E-4864-BC18-920A7EFE7A8A}.Debug|Any CPU.Build.0 = Debug|Any CPU
		{CDE57CD2-520E-4864-BC18-920A7EFE7A8A}.Release|Any CPU.ActiveCfg = Release|Any CPU
		{CDE57CD2-520E-4864-BC18-920A7EFE7A8A}.Release|Any CPU.Build.0 = Release|Any CPU
		{EE4B79B0-A83B-4A97-9900-E8A9A2DBF49E}.Debug|Any CPU.ActiveCfg = Debug|Any CPU
		{EE4B79B0-A83B-4A97-9900-E8A9A2DBF49E}.Debug|Any CPU.Build.0 = Debug|Any CPU
		{EE4B79B0-A83B-4A97-9900-E8A9A2DBF49E}.Release|Any CPU.ActiveCfg = Release|Any CPU
		{EE4B79B0-A83B-4A97-9900-E8A9A2DBF49E}.Release|Any CPU.Build.0 = Release|Any CPU
	EndGlobalSection
	GlobalSection(SolutionProperties) = preSolution
		HideSolutionNode = FALSE
	EndGlobalSection
	GlobalSection(NestedProjects) = preSolution
		{D73D2716-962E-45B1-998F-D60CB0FE957A} = {FADC3950-F700-4760-9EBE-115627EF2F8E}
		{FAB9072A-FBB1-4D18-BB09-CB02BD0BC2A5} = {FADC3950-F700-4760-9EBE-115627EF2F8E}
		{A92D3AFF-0792-4E52-9DE0-08A7DCC5079E} = {FADC3950-F700-4760-9EBE-115627EF2F8E}
		{96B745AD-C174-45E1-9BC6-E64AEC7EDE92} = {FAB9072A-FBB1-4D18-BB09-CB02BD0BC2A5}
		{2BF68670-D64C-4ED6-8108-BB136F01151B} = {FAB9072A-FBB1-4D18-BB09-CB02BD0BC2A5}
		{D70EBD8B-AC5F-4F22-B423-567B0837F3B8} = {FAB9072A-FBB1-4D18-BB09-CB02BD0BC2A5}
		{F5A95990-A665-4D98-9205-A9E577E39BDE} = {FAB9072A-FBB1-4D18-BB09-CB02BD0BC2A5}
		{85B67CC3-2CB8-418A-A7D9-FA476E45230D} = {FAB9072A-FBB1-4D18-BB09-CB02BD0BC2A5}
		{A147AC8C-EFEF-419F-A725-FCCD4F7D78B1} = {FADC3950-F700-4760-9EBE-115627EF2F8E}
		{C75D7EC5-A513-4647-ABA2-7A8DB22EEC2C} = {A92D3AFF-0792-4E52-9DE0-08A7DCC5079E}
		{0C281B4E-FEE3-4546-AA89-1BE436AF049F} = {A92D3AFF-0792-4E52-9DE0-08A7DCC5079E}
		{F4D9712F-3EBA-412B-B993-30FD1B78F79C} = {A92D3AFF-0792-4E52-9DE0-08A7DCC5079E}
		{9FF8A78D-DE41-4D47-87EE-BE1DC446173B} = {A92D3AFF-0792-4E52-9DE0-08A7DCC5079E}
		{103D95D1-6A3F-485E-9A2A-6A1389D2CD60} = {A92D3AFF-0792-4E52-9DE0-08A7DCC5079E}
		{C7B7A7F2-DF3E-419D-8321-7BB7A53D095B} = {A92D3AFF-0792-4E52-9DE0-08A7DCC5079E}
		{823213EC-38E3-40CE-9E38-5BF706B6F7F4} = {D73D2716-962E-45B1-998F-D60CB0FE957A}
		{F63278DA-1C35-4681-8CA9-DACE06A5B0A9} = {D73D2716-962E-45B1-998F-D60CB0FE957A}
		{8DDB271A-273F-4823-AEBA-B5A6674B8753} = {D73D2716-962E-45B1-998F-D60CB0FE957A}
		{C5C3BA4B-1CE0-4B6A-94D1-797980AC11B6} = {D73D2716-962E-45B1-998F-D60CB0FE957A}
		{CDE57CD2-520E-4864-BC18-920A7EFE7A8A} = {D73D2716-962E-45B1-998F-D60CB0FE957A}
		{EE4B79B0-A83B-4A97-9900-E8A9A2DBF49E} = {D73D2716-962E-45B1-998F-D60CB0FE957A}
	EndGlobalSection
	GlobalSection(ExtensibilityGlobals) = postSolution
		SolutionGuid = {4316C5F5-A44C-4A56-8A7A-DE5CA1F0B797}
	EndGlobalSection
EndGlobal
